<Solution>
  <Folder Name="/Solution Items/">
    <File Path="Directory.Build.props" />
    <File Path="Directory.Packages.props" />
  </Folder>
  <Folder Name="/src/">
    <Project Path="src/Bacon.Compiler/Bacon.Compiler.csproj" />
  </Folder>
  <Folder Name="/tests/">
    <Project Path="src/tests/Bacon.Compiler.Tests/Bacon.Compiler.Tests.csproj" />
  </Folder>
  <Project Path="Bacon.Simple/Bacon.Simple.csproj" />
</Solution>
